// !$*UTF8*$!
{
	archiveVersion = 1;
	classes = {
	};
	objectVersion = 46;
	objects = {

/* Begin PBXBuildFile section */
		09B325AE1C9DE3B500359F60 /* AppDelegate.swift in Sources */ = {isa = PBXBuildFile; fileRef = 09B325AD1C9DE3B500359F60 /* AppDelegate.swift */; };
		09B325B01C9DE3B500359F60 /* LoginVC.swift in Sources */ = {isa = PBXBuildFile; fileRef = 09B325AF1C9DE3B500359F60 /* LoginVC.swift */; };
		09B325B31C9DE3B500359F60 /* Main.storyboard in Resources */ = {isa = PBXBuildFile; fileRef = 09B325B11C9DE3B500359F60 /* Main.storyboard */; };
		09B325B51C9DE3B500359F60 /* Assets.xcassets in Resources */ = {isa = PBXBuildFile; fileRef = 09B325B41C9DE3B500359F60 /* Assets.xcassets */; };
		09B325B81C9DE3B500359F60 /* LaunchScreen.storyboard in Resources */ = {isa = PBXBuildFile; fileRef = 09B325B61C9DE3B500359F60 /* LaunchScreen.storyboard */; };
		09B325C91C9DE83100359F60 /* CustomTextField.swift in Sources */ = {isa = PBXBuildFile; fileRef = 09B325C81C9DE83100359F60 /* CustomTextField.swift */; };
		09B325CB1C9DECCC00359F60 /* BouncyButton.swift in Sources */ = {isa = PBXBuildFile; fileRef = 09B325CA1C9DECCC00359F60 /* BouncyButton.swift */; };
		09B325CE1C9E106600359F60 /* AnimationEngine.swift in Sources */ = {isa = PBXBuildFile; fileRef = 09B325CD1C9E106600359F60 /* AnimationEngine.swift */; };
		09B325D01C9EF51900359F60 /* GameVC.swift in Sources */ = {isa = PBXBuildFile; fileRef = 09B325CF1C9EF51900359F60 /* GameVC.swift */; };
		09B325D21C9EF68A00359F60 /* Card.swift in Sources */ = {isa = PBXBuildFile; fileRef = 09B325D11C9EF68A00359F60 /* Card.swift */; };
		09B325D41C9EF69800359F60 /* Card.xib in Resources */ = {isa = PBXBuildFile; fileRef = 09B325D31C9EF69800359F60 /* Card.xib */; };
		135CEF126C9CF5663851E1DA /* Pods.framework in Frameworks */ = {isa = PBXBuildFile; fileRef = A12A08BF2C7516B677626ED7 /* Pods.framework */; };
/* End PBXBuildFile section */

/* Begin PBXFileReference section */
		09B325AA1C9DE3B500359F60 /* BrainTeaser.app */ = {isa = PBXFileReference; explicitFileType = wrapper.application; includeInIndex = 0; path = BrainTeaser.app; sourceTree = BUILT_PRODUCTS_DIR; };
		09B325AD1C9DE3B500359F60 /* AppDelegate.swift */ = {isa = PBXFileReference; lastKnownFileType = sourcecode.swift; path = AppDelegate.swift; sourceTree = "<group>"; };
		09B325AF1C9DE3B500359F60 /* LoginVC.swift */ = {isa = PBXFileReference; lastKnownFileType = sourcecode.swift; path = LoginVC.swift; sourceTree = "<group>"; };
		09B325B21C9DE3B500359F60 /* Base */ = {isa = PBXFileReference; lastKnownFileType = file.storyboard; name = Base; path = Base.lproj/Main.storyboard; sourceTree = "<group>"; };
		09B325B41C9DE3B500359F60 /* Assets.xcassets */ = {isa = PBXFileReference; lastKnownFileType = folder.assetcatalog; path = Assets.xcassets; sourceTree = "<group>"; };
		09B325B71C9DE3B500359F60 /* Base */ = {isa = PBXFileReference; lastKnownFileType = file.storyboard; name = Base; path = Base.lproj/LaunchScreen.storyboard; sourceTree = "<group>"; };
		09B325B91C9DE3B500359F60 /* Info.plist */ = {isa = PBXFileReference; lastKnownFileType = text.plist.xml; path = Info.plist; sourceTree = "<group>"; };
		09B325C21C9DE51100359F60 /* BrainTeaser-Bridging-Header.h */ = {isa = PBXFileReference; lastKnownFileType = sourcecode.c.h; path = "BrainTeaser-Bridging-Header.h"; sourceTree = "<group>"; };
		09B325C81C9DE83100359F60 /* CustomTextField.swift */ = {isa = PBXFileReference; fileEncoding = 4; lastKnownFileType = sourcecode.swift; path = CustomTextField.swift; sourceTree = "<group>"; };
		09B325CA1C9DECCC00359F60 /* BouncyButton.swift */ = {isa = PBXFileReference; fileEncoding = 4; lastKnownFileType = sourcecode.swift; path = BouncyButton.swift; sourceTree = "<group>"; };
		09B325CD1C9E106600359F60 /* AnimationEngine.swift */ = {isa = PBXFileReference; fileEncoding = 4; lastKnownFileType = sourcecode.swift; path = AnimationEngine.swift; sourceTree = "<group>"; };
		09B325CF1C9EF51900359F60 /* GameVC.swift */ = {isa = PBXFileReference; fileEncoding = 4; lastKnownFileType = sourcecode.swift; path = GameVC.swift; sourceTree = "<group>"; };
		09B325D11C9EF68A00359F60 /* Card.swift */ = {isa = PBXFileReference; fileEncoding = 4; lastKnownFileType = sourcecode.swift; path = Card.swift; sourceTree = "<group>"; };
		09B325D31C9EF69800359F60 /* Card.xib */ = {isa = PBXFileReference; fileEncoding = 4; lastKnownFileType = file.xib; path = Card.xib; sourceTree = "<group>"; };
		8A5219F17967C6B5D2CC9976 /* Pods.release.xcconfig */ = {isa = PBXFileReference; includeInIndex = 1; lastKnownFileType = text.xcconfig; name = Pods.release.xcconfig; path = "Pods/Target Support Files/Pods/Pods.release.xcconfig"; sourceTree = "<group>"; };
		A12A08BF2C7516B677626ED7 /* Pods.framework */ = {isa = PBXFileReference; explicitFileType = wrapper.framework; includeInIndex = 0; path = Pods.framework; sourceTree = BUILT_PRODUCTS_DIR; };
		A810B14EECC856415A09FD6D /* Pods.debug.xcconfig */ = {isa = PBXFileReference; includeInIndex = 1; lastKnownFileType = text.xcconfig; name = Pods.debug.xcconfig; path = "Pods/Target Support Files/Pods/Pods.debug.xcconfig"; sourceTree = "<group>"; };
/* End PBXFileReference section */

/* Begin PBXFrameworksBuildPhase section */
		09B325A71C9DE3B500359F60 /* Frameworks */ = {
			isa = PBXFrameworksBuildPhase;
			buildActionMask = 2147483647;
			files = (
				135CEF126C9CF5663851E1DA /* Pods.framework in Frameworks */,
			);
			runOnlyForDeploymentPostprocessing = 0;
		};
/* End PBXFrameworksBuildPhase section */

/* Begin PBXGroup section */
		09B325A11C9DE3B500359F60 = {
			isa = PBXGroup;
			children = (
				09B325AC1C9DE3B500359F60 /* BrainTeaser */,
				09B325AB1C9DE3B500359F60 /* Products */,
				8B46C1E904EED6CC0968B47D /* Pods */,
				2EEBED9E2B1107E7BF1B4ACD /* Frameworks */,
			);
			sourceTree = "<group>";
		};
		09B325AB1C9DE3B500359F60 /* Products */ = {
			isa = PBXGroup;
			children = (
				09B325AA1C9DE3B500359F60 /* BrainTeaser.app */,
			);
			name = Products;
			sourceTree = "<group>";
		};
		09B325AC1C9DE3B500359F60 /* BrainTeaser */ = {
			isa = PBXGroup;
			children = (
				09B325CC1C9E105900359F60 /* Util */,
				09B325C71C9DE80700359F60 /* View */,
				09B325C61C9DE7FB00359F60 /* Controller */,
				09B325AD1C9DE3B500359F60 /* AppDelegate.swift */,
				09B325B11C9DE3B500359F60 /* Main.storyboard */,
				09B325B41C9DE3B500359F60 /* Assets.xcassets */,
				09B325B61C9DE3B500359F60 /* LaunchScreen.storyboard */,
				09B325B91C9DE3B500359F60 /* Info.plist */,
				09B325C21C9DE51100359F60 /* BrainTeaser-Bridging-Header.h */,
			);
			path = BrainTeaser;
			sourceTree = "<group>";
		};
		09B325C61C9DE7FB00359F60 /* Controller */ = {
			isa = PBXGroup;
			children = (
				09B325AF1C9DE3B500359F60 /* LoginVC.swift */,
				09B325CF1C9EF51900359F60 /* GameVC.swift */,
			);
			name = Controller;
			sourceTree = "<group>";
		};
		09B325C71C9DE80700359F60 /* View */ = {
			isa = PBXGroup;
			children = (
				09B325C81C9DE83100359F60 /* CustomTextField.swift */,
				09B325CA1C9DECCC00359F60 /* BouncyButton.swift */,
				09B325D11C9EF68A00359F60 /* Card.swift */,
				09B325D31C9EF69800359F60 /* Card.xib */,
			);
			name = View;
			sourceTree = "<group>";
		};
		09B325CC1C9E105900359F60 /* Util */ = {
			isa = PBXGroup;
			children = (
				09B325CD1C9E106600359F60 /* AnimationEngine.swift */,
			);
			name = Util;
			sourceTree = "<group>";
		};
		2EEBED9E2B1107E7BF1B4ACD /* Frameworks */ = {
			isa = PBXGroup;
			children = (
				A12A08BF2C7516B677626ED7 /* Pods.framework */,
			);
			name = Frameworks;
			sourceTree = "<group>";
		};
		8B46C1E904EED6CC0968B47D /* Pods */ = {
			isa = PBXGroup;
			children = (
				A810B14EECC856415A09FD6D /* Pods.debug.xcconfig */,
				8A5219F17967C6B5D2CC9976 /* Pods.release.xcconfig */,
			);
			name = Pods;
			sourceTree = "<group>";
		};
/* End PBXGroup section */

/* Begin PBXNativeTarget section */
		09B325A91C9DE3B500359F60 /* BrainTeaser */ = {
			isa = PBXNativeTarget;
			buildConfigurationList = 09B325BC1C9DE3B500359F60 /* Build configuration list for PBXNativeTarget "BrainTeaser" */;
			buildPhases = (
				53BCAD31E51DDD6146EAEEDB /* Check Pods Manifest.lock */,
				09B325A61C9DE3B500359F60 /* Sources */,
				09B325A71C9DE3B500359F60 /* Frameworks */,
				09B325A81C9DE3B500359F60 /* Resources */,
				E9C156E4A9508513C3BCC097 /* Embed Pods Frameworks */,
				6F259B8D782A67EDECAF8A8B /* Copy Pods Resources */,
			);
			buildRules = (
			);
			dependencies = (
			);
			name = BrainTeaser;
			productName = BrainTeaser;
			productReference = 09B325AA1C9DE3B500359F60 /* BrainTeaser.app */;
			productType = "com.apple.product-type.application";
		};
/* End PBXNativeTarget section */

/* Begin PBXProject section */
		09B325A21C9DE3B500359F60 /* Project object */ = {
			isa = PBXProject;
			attributes = {
				LastSwiftUpdateCheck = 0720;
				LastUpgradeCheck = 0720;
				ORGANIZATIONNAME = "Chris Stayte";
				TargetAttributes = {
					09B325A91C9DE3B500359F60 = {
						CreatedOnToolsVersion = 7.2.1;
						DevelopmentTeam = VWE5K48F47;
					};
				};
			};
			buildConfigurationList = 09B325A51C9DE3B500359F60 /* Build configuration list for PBXProject "BrainTeaser" */;
			compatibilityVersion = "Xcode 3.2";
			developmentRegion = English;
			hasScannedForEncodings = 0;
			knownRegions = (
				en,
				Base,
			);
			mainGroup = 09B325A11C9DE3B500359F60;
			productRefGroup = 09B325AB1C9DE3B500359F60 /* Products */;
			projectDirPath = "";
			projectRoot = "";
			targets = (
				09B325A91C9DE3B500359F60 /* BrainTeaser */,
			);
		};
/* End PBXProject section */

/* Begin PBXResourcesBuildPhase section */
		09B325A81C9DE3B500359F60 /* Resources */ = {
			isa = PBXResourcesBuildPhase;
			buildActionMask = 2147483647;
			files = (
				09B325B81C9DE3B500359F60 /* LaunchScreen.storyboard in Resources */,
				09B325B51C9DE3B500359F60 /* Assets.xcassets in Resources */,
				09B325B31C9DE3B500359F60 /* Main.storyboard in Resources */,
				09B325D41C9EF69800359F60 /* Card.xib in Resources */,
			);
			runOnlyForDeploymentPostprocessing = 0;
		};
/* End PBXResourcesBuildPhase section */

/* Begin PBXShellScriptBuildPhase section */
		53BCAD31E51DDD6146EAEEDB /* Check Pods Manifest.lock */ = {
			isa = PBXShellScriptBuildPhase;
			buildActionMask = 2147483647;
			files = (
			);
			inputPaths = (
			);
			name = "Check Pods Manifest.lock";
			outputPaths = (
			);
			runOnlyForDeploymentPostprocessing = 0;
			shellPath = /bin/sh;
			shellScript = "diff \"${PODS_ROOT}/../Podfile.lock\" \"${PODS_ROOT}/Manifest.lock\" > /dev/null\nif [[ $? != 0 ]] ; then\n    cat << EOM\nerror: The sandbox is not in sync with the Podfile.lock. Run 'pod install' or update your CocoaPods installation.\nEOM\n    exit 1\nfi\n";
			showEnvVarsInLog = 0;
		};
		6F259B8D782A67EDECAF8A8B /* Copy Pods Resources */ = {
			isa = PBXShellScriptBuildPhase;
			buildActionMask = 2147483647;
			files = (
			);
			inputPaths = (
			);
			name = "Copy Pods Resources";
			outputPaths = (
			);
			runOnlyForDeploymentPostprocessing = 0;
			shellPath = /bin/sh;
			shellScript = "\"${SRCROOT}/Pods/Target Support Files/Pods/Pods-resources.sh\"\n";
			showEnvVarsInLog = 0;
		};
		E9C156E4A9508513C3BCC097 /* Embed Pods Frameworks */ = {
			isa = PBXShellScriptBuildPhase;
			buildActionMask = 2147483647;
			files = (
			);
			inputPaths = (
			);
			name = "Embed Pods Frameworks";
			outputPaths = (
			);
			runOnlyForDeploymentPostprocessing = 0;
			shellPath = /bin/sh;
			shellScript = "\"${SRCROOT}/Pods/Target Support Files/Pods/Pods-frameworks.sh\"\n";
			showEnvVarsInLog = 0;
		};
/* End PBXShellScriptBuildPhase section */

/* Begin PBXSourcesBuildPhase section */
		09B325A61C9DE3B500359F60 /* Sources */ = {
			isa = PBXSourcesBuildPhase;
			buildActionMask = 2147483647;
			files = (
				09B325CB1C9DECCC00359F60 /* BouncyButton.swift in Sources */,
				09B325B01C9DE3B500359F60 /* LoginVC.swift in Sources */,
				09B325D21C9EF68A00359F60 /* Card.swift in Sources */,
				09B325AE1C9DE3B500359F60 /* AppDelegate.swift in Sources */,
				09B325CE1C9E106600359F60 /* AnimationEngine.swift in Sources */,
				09B325D01C9EF51900359F60 /* GameVC.swift in Sources */,
				09B325C91C9DE83100359F60 /* CustomTextField.swift in Sources */,
			);
			runOnlyForDeploymentPostprocessing = 0;
		};
/* End PBXSourcesBuildPhase section */

/* Begin PBXVariantGroup section */
		09B325B11C9DE3B500359F60 /* Main.storyboard */ = {
			isa = PBXVariantGroup;
			children = (
				09B325B21C9DE3B500359F60 /* Base */,
			);
			name = Main.storyboard;
			sourceTree = "<group>";
		};
		09B325B61C9DE3B500359F60 /* LaunchScreen.storyboard */ = {
			isa = PBXVariantGroup;
			children = (
				09B325B71C9DE3B500359F60 /* Base */,
			);
			name = LaunchScreen.storyboard;
			sourceTree = "<group>";
		};
/* End PBXVariantGroup section */

/* Begin XCBuildConfiguration section */
		09B325BA1C9DE3B500359F60 /* Debug */ = {
			isa = XCBuildConfiguration;
			buildSettings = {
				ALWAYS_SEARCH_USER_PATHS = NO;
				CLANG_CXX_LANGUAGE_STANDARD = "gnu++0x";
				CLANG_CXX_LIBRARY = "libc++";
				CLANG_ENABLE_MODULES = YES;
				CLANG_ENABLE_OBJC_ARC = YES;
				CLANG_WARN_BOOL_CONVERSION = YES;
				CLANG_WARN_CONSTANT_CONVERSION = YES;
				CLANG_WARN_DIRECT_OBJC_ISA_USAGE = YES_ERROR;
				CLANG_WARN_EMPTY_BODY = YES;
				CLANG_WARN_ENUM_CONVERSION = YES;
				CLANG_WARN_INT_CONVERSION = YES;
				CLANG_WARN_OBJC_ROOT_CLASS = YES_ERROR;
				CLANG_WARN_UNREACHABLE_CODE = YES;
				CLANG_WARN__DUPLICATE_METHOD_MATCH = YES;
				"CODE_SIGN_IDENTITY[sdk=iphoneos*]" = "iPhone Developer";
				COPY_PHASE_STRIP = NO;
				DEBUG_INFORMATION_FORMAT = dwarf;
				ENABLE_STRICT_OBJC_MSGSEND = YES;
				ENABLE_TESTABILITY = YES;
				GCC_C_LANGUAGE_STANDARD = gnu99;
				GCC_DYNAMIC_NO_PIC = NO;
				GCC_NO_COMMON_BLOCKS = YES;
				GCC_OPTIMIZATION_LEVEL = 0;
				GCC_PREPROCESSOR_DEFINITIONS = (
					"DEBUG=1",
					"$(inherited)",
				);
				GCC_WARN_64_TO_32_BIT_CONVERSION = YES;
				GCC_WARN_ABOUT_RETURN_TYPE = YES_ERROR;
				GCC_WARN_UNDECLARED_SELECTOR = YES;
				GCC_WARN_UNINITIALIZED_AUTOS = YES_AGGRESSIVE;
				GCC_WARN_UNUSED_FUNCTION = YES;
				GCC_WARN_UNUSED_VARIABLE = YES;
				IPHONEOS_DEPLOYMENT_TARGET = 9.2;
				MTL_ENABLE_DEBUG_INFO = YES;
				ONLY_ACTIVE_ARCH = YES;
				SDKROOT = iphoneos;
				SWIFT_OPTIMIZATION_LEVEL = "-Onone";
				TARGETED_DEVICE_FAMILY = "1,2";
			};
			name = Debug;
		};
		09B325BB1C9DE3B500359F60 /* Release */ = {
			isa = XCBuildConfiguration;
			buildSettings = {
				ALWAYS_SEARCH_USER_PATHS = NO;
				CLANG_CXX_LANGUAGE_STANDARD = "gnu++0x";
				CLANG_CXX_LIBRARY = "libc++";
				CLANG_ENABLE_MODULES = YES;
				CLANG_ENABLE_OBJC_ARC = YES;
				CLANG_WARN_BOOL_CONVERSION = YES;
				CLANG_WARN_CONSTANT_CONVERSION = YES;
				CLANG_WARN_DIRECT_OBJC_ISA_USAGE = YES_ERROR;
				CLANG_WARN_EMPTY_BODY = YES;
				CLANG_WARN_ENUM_CONVERSION = YES;
				CLANG_WARN_INT_CONVERSION = YES;
				CLANG_WARN_OBJC_ROOT_CLASS = YES_ERROR;
				CLANG_WARN_UNREACHABLE_CODE = YES;
				CLANG_WARN__DUPLICATE_METHOD_MATCH = YES;
				"CODE_SIGN_IDENTITY[sdk=iphoneos*]" = "iPhone Developer";
				COPY_PHASE_STRIP = NO;
				DEBUG_INFORMATION_FORMAT = "dwarf-with-dsym";
				ENABLE_NS_ASSERTIONS = NO;
				ENABLE_STRICT_OBJC_MSGSEND = YES;
				GCC_C_LANGUAGE_STANDARD = gnu99;
				GCC_NO_COMMON_BLOCKS = YES;
				GCC_WARN_64_TO_32_BIT_CONVERSION = YES;
				GCC_WARN_ABOUT_RETURN_TYPE = YES_ERROR;
				GCC_WARN_UNDECLARED_SELECTOR = YES;
				GCC_WARN_UNINITIALIZED_AUTOS = YES_AGGRESSIVE;
				GCC_WARN_UNUSED_FUNCTION = YES;
				GCC_WARN_UNUSED_VARIABLE = YES;
				IPHONEOS_DEPLOYMENT_TARGET = 9.2;
				MTL_ENABLE_DEBUG_INFO = NO;
				SDKROOT = iphoneos;
				TARGETED_DEVICE_FAMILY = "1,2";
				VALIDATE_PRODUCT = YES;
			};
			name = Release;
		};
		09B325BD1C9DE3B500359F60 /* Debug */ = {
			isa = XCBuildConfiguration;
			baseConfigurationReference = A810B14EECC856415A09FD6D /* Pods.debug.xcconfig */;
			buildSettings = {
				ASSETCATALOG_COMPILER_APPICON_NAME = AppIcon;
				CLANG_ENABLE_MODULES = YES;
				CODE_SIGN_IDENTITY = "iPhone Developer";
				"CODE_SIGN_IDENTITY[sdk=iphoneos*]" = "iPhone Developer";
				INFOPLIST_FILE = BrainTeaser/Info.plist;
				LD_RUNPATH_SEARCH_PATHS = "$(inherited) @executable_path/Frameworks";
				PRODUCT_BUNDLE_IDENTIFIER = com.chrisstayte.BrainTeaser;
				PRODUCT_NAME = "$(TARGET_NAME)";
				PROVISIONING_PROFILE = "";
				SWIFT_OBJC_BRIDGING_HEADER = "BrainTeaser/BrainTeaser-Bridging-Header.h";
				SWIFT_OPTIMIZATION_LEVEL = "-Onone";
			};
			name = Debug;
		};
		09B325BE1C9DE3B500359F60 /* Release */ = {
			isa = XCBuildConfiguration;
			baseConfigurationReference = 8A5219F17967C6B5D2CC9976 /* Pods.release.xcconfig */;
			buildSettings = {
				ASSETCATALOG_COMPILER_APPICON_NAME = AppIcon;
				CLANG_ENABLE_MODULES = YES;
				CODE_SIGN_IDENTITY = "iPhone Developer";
				"CODE_SIGN_IDENTITY[sdk=iphoneos*]" = "iPhone Developer";
				INFOPLIST_FILE = BrainTeaser/Info.plist;
				LD_RUNPATH_SEARCH_PATHS = "$(inherited) @executable_path/Frameworks";
				PRODUCT_BUNDLE_IDENTIFIER = com.chrisstayte.BrainTeaser;
				PRODUCT_NAME = "$(TARGET_NAME)";
				PROVISIONING_PROFILE = "";
				SWIFT_OBJC_BRIDGING_HEADER = "BrainTeaser/BrainTeaser-Bridging-Header.h";
			};
			name = Release;
		};
/* End XCBuildConfiguration section */

/* Begin XCConfigurationList section */
		09B325A51C9DE3B500359F60 /* Build configuration list for PBXProject "BrainTeaser" */ = {
			isa = XCConfigurationList;
			buildConfigurations = (
				09B325BA1C9DE3B500359F60 /* Debug */,
				09B325BB1C9DE3B500359F60 /* Release */,
			);
			defaultConfigurationIsVisible = 0;
			defaultConfigurationName = Release;
		};
		09B325BC1C9DE3B500359F60 /* Build configuration list for PBXNativeTarget "BrainTeaser" */ = {
			isa = XCConfigurationList;
			buildConfigurations = (
				09B325BD1C9DE3B500359F60 /* Debug */,
				09B325BE1C9DE3B500359F60 /* Release */,
			);
			defaultConfigurationIsVisible = 0;
			defaultConfigurationName = Release;
		};
/* End XCConfigurationList section */
	};
	rootObject = 09B325A21C9DE3B500359F60 /* Project object */;
}
